[{<<"b64">>,
  {git,"https://github.com/exograd/erl-b64.git",
       {ref,"4e1336b4448add6885310719b412303651ab7dbd"}},
  0},
 {<<"et">>,
  {git,"https://github.com/galdor/erl-et.git",
       {ref,"7b55d59e3ef75bbd6ea4126d3855046e639709a6"}},
  0},
 {<<"imf">>,
  {git,"https://github.com/exograd/erl-imf.git",
       {ref,"66f437a2d45301352066e51c19d9bd8cc279dfbb"}},
  0},
 {<<"ksuid">>,
  {git,"https://github.com/exograd/erl-ksuid.git",
       {ref,"fcccb632065e70a64ad2c9c2fc4783a10d5aa810"}},
  1},
 {<<"uri">>,
  {git,"https://github.com/galdor/erl-uri.git",
       {ref,"aa029e922fa5ad08c0fa9f37968317916a0443b9"}},
  0}].
