[{<<"b64">>,
  {git,"https://github.com/gearnode/erl-b64.git",
       {ref,"418cc3c3ce75ab3d36b0ff9a399b5f836f12b276"}},
  0},
 {<<"core">>,
  {git,"https://github.com/exograd/erl-core.git",
       {ref,"0520b920c445dad8043cbec8defa0e1482dcf547"}},
  0},
 {<<"imf">>,
  {git,"https://github.com/gearnode/erl-imf.git",
       {ref,"0a75ff29b7409bb4a60de2ac2e072bc8bac1ce0f"}},
  0},
 {<<"ksuid">>,
  {git,"https://github.com/exograd/erl-ksuid.git",
       {ref,"fcccb632065e70a64ad2c9c2fc4783a10d5aa810"}},
  1},
 {<<"uri">>,
  {git,"https://github.com/exograd/erl-uri.git",
       {ref,"fd552a1e4284af9c0f281d59c95728a43dc78784"}},
  0}].
